
Microsoft Visual Studio Solution File, Format Version 12.00
# Visual Studio Version 16
VisualStudioVersion = 16.0.30320.27
MinimumVisualStudioVersion = 10.0.40219.1
Project("{FAE04EC0-301F-11D3-BF4B-00C04F79EFBC}") = "ept", "ept\ept.csproj", "{79AB40F0-A2F6-42C2-AB1D-AA4AEEEEEDD5}"
EndProject
Project("{FAE04EC0-301F-11D3-BF4B-00C04F79EFBC}") = "eptView", "eptView\eptView.csproj", "{FAEAB656-8EA4-4BA7-9BD4-CFD4743522CD}"
EndProject
Global
	GlobalSection(SolutionConfigurationPlatforms) = preSolution
		Debug|Any CPU = Debug|Any CPU
		Release|Any CPU = Release|Any CPU
	EndGlobalSection
	GlobalSection(ProjectConfigurationPlatforms) = postSolution
		{79AB40F0-A2F6-42C2-AB1D-AA4AEEEEEDD5}.Debug|Any CPU.ActiveCfg = Debug|Any CPU
		{79AB40F0-A2F6-42C2-AB1D-AA4AEEEEEDD5}.Debug|Any CPU.Build.0 = Debug|Any CPU
		{79AB40F0-A2F6-42C2-AB1D-AA4AEEEEEDD5}.Release|Any CPU.ActiveCfg = Release|Any CPU
		{79AB40F0-A2F6-42C2-AB1D-AA4AEEEEEDD5}.Release|Any CPU.Build.0 = Release|Any CPU
		{FAEAB656-8EA4-4BA7-9BD4-CFD4743522CD}.Debug|Any CPU.ActiveCfg = Debug|Any CPU
		{FAEAB656-8EA4-4BA7-9BD4-CFD4743522CD}.Debug|Any CPU.Build.0 = Debug|Any CPU
		{FAEAB656-8EA4-4BA7-9BD4-CFD4743522CD}.Release|Any CPU.ActiveCfg = Release|Any CPU
		{FAEAB656-8EA4-4BA7-9BD4-CFD4743522CD}.Release|Any CPU.Build.0 = Release|Any CPU
	EndGlobalSection
	GlobalSection(SolutionProperties) = preSolution
		HideSolutionNode = FALSE
	EndGlobalSection
	GlobalSection(ExtensibilityGlobals) = postSolution
		SolutionGuid = {AF484F8C-0D77-4771-B1C4-4066DE07F143}
	EndGlobalSection
EndGlobal
